
Microsoft Visual Studio Solution File, Format Version 12.00
# Visual Studio 15
VisualStudioVersion = 15.0.26430.16
MinimumVisualStudioVersion = 10.0.40219.1
Project("{FAE04EC0-301F-11D3-BF4B-00C04F79EFBC}") = "Matheparser", "Matheparser\Matheparser.csproj", "{FA810BB8-571E-43C7-9DF0-D3188E2E3D34}"
EndProject
Project("{FAE04EC0-301F-11D3-BF4B-00C04F79EFBC}") = "Tests", "UnitTestProject1\Tests.csproj", "{30232FB2-EA02-4A17-82A3-A2516353534D}"
EndProject
Project("{FAE04EC0-301F-11D3-BF4B-00C04F79EFBC}") = "TestTerminal", "TestTerminal\TestTerminal.csproj", "{63770757-A864-4CA0-9A2F-F3B4CEE974B2}"
EndProject
Global
	GlobalSection(SolutionConfigurationPlatforms) = preSolution
		Debug|Any CPU = Debug|Any CPU
		Release|Any CPU = Release|Any CPU
	EndGlobalSection
	GlobalSection(ProjectConfigurationPlatforms) = postSolution
		{FA810BB8-571E-43C7-9DF0-D3188E2E3D34}.Debug|Any CPU.ActiveCfg = Debug|Any CPU
		{FA810BB8-571E-43C7-9DF0-D3188E2E3D34}.Debug|Any CPU.Build.0 = Debug|Any CPU
		{FA810BB8-571E-43C7-9DF0-D3188E2E3D34}.Release|Any CPU.ActiveCfg = Release|Any CPU
		{FA810BB8-571E-43C7-9DF0-D3188E2E3D34}.Release|Any CPU.Build.0 = Release|Any CPU
		{30232FB2-EA02-4A17-82A3-A2516353534D}.Debug|Any CPU.ActiveCfg = Debug|Any CPU
		{30232FB2-EA02-4A17-82A3-A2516353534D}.Release|Any CPU.ActiveCfg = Release|Any CPU
		{30232FB2-EA02-4A17-82A3-A2516353534D}.Release|Any CPU.Build.0 = Release|Any CPU
		{63770757-A864-4CA0-9A2F-F3B4CEE974B2}.Debug|Any CPU.ActiveCfg = Debug|Any CPU
		{63770757-A864-4CA0-9A2F-F3B4CEE974B2}.Debug|Any CPU.Build.0 = Debug|Any CPU
		{63770757-A864-4CA0-9A2F-F3B4CEE974B2}.Release|Any CPU.ActiveCfg = Release|Any CPU
		{63770757-A864-4CA0-9A2F-F3B4CEE974B2}.Release|Any CPU.Build.0 = Release|Any CPU
	EndGlobalSection
	GlobalSection(SolutionProperties) = preSolution
		HideSolutionNode = FALSE
	EndGlobalSection
EndGlobal
